{
  "version": 4,
  "terraform_version": "1.16.3",
  "serial": 170,
  "lineage": "7e509f4e-848b-2a4a-5fbc-d91dc69515f9",
  "outputs": {
    "artifactory_ui_node_port": {
      "value": 30080,
      "type": "number"
    },
    "deployment_generation": {
      "value": 3,
      "type": "number"
    },
    "deployment_labels": {
      "value": {
        "app": "MyExampleApp",
        "environment": "dev"
      },
      "type": [
        "map",
        "string"
      ]
    },
    "deployment_name": {
      "value": "terraform-example",
      "type": "string"
    },
    "deployment_replicas": {
      "value": "1",
      "type": "string"
    },
    "headlamp_service_account_token": {
      "value": "eyJhbGciOiJSUzI1NiIsImtpZCI6ImZRZEtmNUt4Wnhtd2VqdUhCdlhOUjM3VUxBR3dmNk9KelZGcXdYVnlzMFUifQ.eyJpc3MiOiJrdWJlcm5ldGVzL3NlcnZpY2VhY2NvdW50Iiwia3ViZXJuZXRlcy5pby9zZXJ2aWNlYWNjb3VudC9uYW1lc3BhY2UiOiJrOHMtbnMtYnktdGYiLCJrdWJlcm5ldGVzLmlvL3NlcnZpY2VhY2NvdW50L3NlY3JldC5uYW1lIjoiaGVhZGxhbXAtdG9rZW4iLCJrdWJlcm5ldGVzLmlvL3NlcnZpY2VhY2NvdW50L3NlcnZpY2UtYWNjb3VudC5uYW1lIjoiaGVhZGxhbXAiLCJrdWJlcm5ldGVzLmlvL3NlcnZpY2VhY2NvdW50L3NlcnZpY2UtYWNjb3VudC51aWQiOiJkZDEzNGQ1Ny03MmJhLTRlZWMtYjM5Mi00MjNmYzBiZTYxN2IiLCJzdWIiOiJzeXN0ZW06c2VydmljZWFjY291bnQ6azhzLW5zLWJ5LXRmOmhlYWRsYW1wIn0.Q7M9206DSC9SdD7YDvD231dVHu8TJoeqVDwA8HxBzMHgFUKjbJ2NJucZDwn0tnCgOtkLvoWNPmC1IeZrsNoZrJb6sE8L1IpDao2S4uzsBYRA5IVxUQ2m8yMxKh2PfVx-609RJYP4BwLu75HRv49znEOKxNyrhCAlHJr0PiywQFaZ7HSbaKhkD8S6Tw6jMsSVfq5CwWXPm2C5IY5cCL_D9ov9Of_n750SYrCWI3UzZKWh2cyam8tk0KnfAJDhLPwjMngXTFKEDHuMItKEG6KH5SYin16uckzEYXoMmKIO9S8eNk-1DSraClRfj7IPqdaE3RZ0d0R0lU-gs4le1CfxHg",
      "type": "string",
      "sensitive": true
    },
    "kubernetes_connection_info": {
      "value": {
        "config_context": "minikube",
        "config_path": "~/.kube/config"
      },
      "type": [
        "object",
        {
          "config_context": "string",
          "config_path": "string"
        }
      ]
    },
    "namespace_name": {
      "value": "k8s-ns-by-tf",
      "type": "string"
    },
    "namespace_uid": {
      "value": "48e0f78a-7810-4935-ad33-119ff4ef1c2a",
      "type": "string"
    },
    "pod_security_settings": {
      "value": {
        "read_only_root_filesystem": true,
        "run_as_non_root": true
      },
      "type": [
        "object",
        {
          "read_only_root_filesystem": "bool",
          "run_as_non_root": "bool"
        }
      ]
    },
    "resource_quota_status": {
      "value": {
        "limits.cpu": "4",
        "limits.memory": "4Gi",
        "pods": "10",
        "requests.cpu": "2",
        "requests.memory": "2Gi"
      },
      "type": [
        "map",
        "string"
      ]
    },
    "service_cluster_ip": {
      "value": "10.99.85.51",
      "type": "string"
    },
    "service_endpoint": {
      "value": "To access the service within the cluster, use: terraform-example-svc.k8s-ns-by-tf.svc.cluster.local",
      "type": "string"
    },
    "service_name": {
      "value": "terraform-example-svc",
      "type": "string"
    },
    "service_ports": {
      "value": [
        8081
      ],
      "type": [
        "list",
        "number"
      ]
    }
  },
  "resources": [
    {
      "mode": "managed",
      "type": "helm_release",
      "name": "artifactory",
      "provider": "provider[\"registry.terraform.io/hashicorp/helm\"]",
      "instances": [
        {
          "schema_version": 2,
          "attributes": {
            "atomic": false,
            "chart": "artifactory-oss",
            "cleanup_on_fail": false,
            "create_namespace": false,
            "dependency_update": false,
            "description": null,
            "devel": null,
            "disable_crd_hooks": false,
            "disable_openapi_validation": false,
            "disable_webhooks": false,
            "force_update": false,
            "id": "artifactory-oss",
            "keyring": null,
            "lint": false,
            "manifest": null,
            "max_history": 0,
            "metadata": {
              "app_version": "7.161.26",
              "chart": "artifactory-oss",
              "first_deployed": 1790190859,
              "last_deployed": 1790190859,
              "name": "artifactory-oss",
              "namespace": "artifactory-oss",
              "notes": "Congratulations. You have just deployed JFrog Artifactory!\n****************************************** WARNING **************************************************************************************************\n* The unifiedSecretInstallation flag is currently enabled, which creates the unified secret. The existing secrets will continue as separate secrets.*\n* Update the values.yaml with the existing secrets to add them to the unified secret.                                                               *\n*****************************************************************************************************************************************************\n\n1. Get the Artifactory URL by running these commands:\n\n   NOTE: It may take a few minutes for the LoadBalancer Hostname to be available.\n         You can watch the status of the service by running 'kubectl get svc --namespace artifactory-oss -w artifactory-oss-artifactory-nginx'\n   export SERVICE_HOSTNAME=$(kubectl get svc --namespace artifactory-oss artifactory-oss-artifactory-nginx -o jsonpath='{.status.loadBalancer.ingress[0].hostname}')\n   echo http://$SERVICE_HOSTNAME/\n\n2. Open Artifactory in your browser\n   Default credential for Artifactory:\n   user: admin\n   password: password\n\n\n---------------------------------------------------------------------------------------------------------------------------------------------------\n***WARNING*** You are using the bundled PostgreSQL database from the chart. This bundled database is not suitable for production use cases.\nUse an external PostgreSQL database for production deployments.\n---------------------------------------------------------------------------------------------------------------------------------------------------\n\nCongratulations. You have just deployed JFrog Artifactory OSS!\n\n\nCHART NAME: postgresql\nCHART VERSION: 16.7.26\nAPP VERSION: 17.6.0\n\n⚠ WARNING: Since August 28th, 2025, only a limited subset of images/charts are available for free.\n    Subscribe to Bitnami Secure Images to receive continued support and security updates.\n    More info at https://bitnami.com and https://github.com/bitnami/containers/issues/83267\n\n** Please be patient while the chart is being deployed **\n\nPostgreSQL can be accessed via port 5432 on the following DNS names from within your cluster:\n\n    artifactory-oss-postgresql.artifactory-oss.svc.cluster.local - Read/Write connection\n\nTo get the password for \"postgres\" run:\n\n    export POSTGRES_ADMIN_PASSWORD=$(kubectl get secret --namespace artifactory-oss artifactory-oss-postgresql -o jsonpath=\"{.data.postgres-password}\" | base64 -d)\n\nTo get the password for \"artifactory\" run:\n\n    export POSTGRES_PASSWORD=$(kubectl get secret --namespace artifactory-oss artifactory-oss-postgresql -o jsonpath=\"{.data.password}\" | base64 -d)\n\nTo connect to your database run the following command:\n\n    kubectl run artifactory-oss-postgresql-client --rm --tty -i --restart='Never' --namespace artifactory-oss --image releases-docker.jfrog.io/echohq/postgres:17.10-helm-20260716 --env=\"PGPASSWORD=$POSTGRES_PASSWORD\" \\\n      --command -- psql --host artifactory-oss-postgresql -U artifactory -d artifactory -p 5432\n\n    \u003e NOTE: If you access the container using bash, make sure that you execute \"/opt/bitnami/scripts/postgresql/entrypoint.sh /bin/bash\" in order to avoid the error \"psql: local user with ID 1001} does not exist\"\n\nTo connect to your database from outside the cluster execute the following commands:\n\n    kubectl port-forward --namespace artifactory-oss svc/artifactory-oss-postgresql 5432:5432 \u0026\n    PGPASSWORD=\"$POSTGRES_PASSWORD\" psql --host 127.0.0.1 -U artifactory -d artifactory -p 5432\n\nWARNING: The configured password will be ignored on new installation in case when previous PostgreSQL release was deleted through the helm command. In that case, old PVC will have an old password, and setting it through helm won't take effect. Deleting persistent volumes (PVs) will solve the issue.\n\nWARNING: There are \"resources\" sections in the chart not set. Using \"resourcesPreset\" is not recommended for production. For production installations, please set the following values according to your workload needs:\n  - primary.resources\n  - readReplicas.resources\n+info https://kubernetes.io/docs/concepts/configuration/manage-resources-containers/\n\n⚠ SECURITY WARNING: Original containers have been substituted. This Helm chart was designed, tested, and validated on multiple platforms using a specific set of Bitnami and Tanzu Application Catalog containers. Substituting other containers is likely to cause degraded security and performance, broken chart features, and missing environment variables.\n\nSubstituted images detected:\n  - releases-docker.jfrog.io/echohq/postgres:17.10-helm-20260716\n\n⚠ SECURITY WARNING: Verifying original container images was skipped. Please note this Helm chart was designed, tested, and validated on multiple platforms using a specific set of Bitnami and Bitnami Secure Images containers. Substituting other containers is likely to cause degraded security and performance, broken chart features, and missing environment variables.\n\n",
              "revision": 1,
              "values": "{\"artifactory\":{\"ingress\":{\"enabled\":false},\"nginx\":{\"enabled\":false},\"persistence\":{\"enabled\":true,\"size\":\"10Gi\"},\"postgresql\":{\"auth\":{\"password\":\"postgres_password\"}}},\"global\":{\"joinKeySecretName\":\"artifactory-mandatory-keys\",\"masterKeySecretName\":\"artifactory-mandatory-keys\"}}",
              "version": "107.161.26"
            },
            "name": "artifactory-oss",
            "namespace": "artifactory-oss",
            "pass_credentials": false,
            "postrender": null,
            "recreate_pods": false,
            "render_subchart_notes": true,
            "replace": false,
            "repository": "https://charts.jfrog.io",
            "repository_ca_file": null,
            "repository_cert_file": null,
            "repository_key_file": null,
            "repository_password": null,
            "repository_username": null,
            "reset_values": false,
            "resources": null,
            "reuse_values": false,
            "set": [
              {
                "name": "global.masterKeySecretName",
                "type": "",
                "value": "artifactory-mandatory-keys"
              },
              {
                "name": "global.joinKeySecretName",
                "type": "",
                "value": "artifactory-mandatory-keys"
              },
              {
                "name": "artifactory.postgresql.auth.password",
                "type": "",
                "value": "postgres_password"
              },
              {
                "name": "artifactory.nginx.enabled",
                "type": "",
                "value": "false"
              },
              {
                "name": "artifactory.ingress.enabled",
                "type": "",
                "value": "false"
              },
              {
                "name": "artifactory.persistence.enabled",
                "type": "",
                "value": "true"
              },
              {
                "name": "artifactory.persistence.size",
                "type": "",
                "value": "10Gi"
              }
            ],
            "set_list": null,
            "set_sensitive": null,
            "set_wo": null,
            "set_wo_revision": null,
            "skip_crds": false,
            "status": "deployed",
            "take_ownership": false,
            "timeout": 1800,
            "timeouts": null,
            "upgrade_install": false,
            "values": null,
            "verify": false,
            "version": "107.161.26",
            "wait": true,
            "wait_for_jobs": false
          },
          "sensitive_attributes": [
            [
              {
                "type": "get_attr",
                "value": "repository_password"
              }
            ]
          ],
          "identity_schema_version": 0,
          "identity": {
            "namespace": "artifactory-oss",
            "release_name": "artifactory-oss"
          },
          "dependencies": [
            "kubernetes_namespace_v1.artifactory",
            "kubernetes_secret_v1.artifactory_mandatory_keys",
            "random_id.artifactory_join_key",
            "random_id.artifactory_master_key"
          ]
        }
      ]
    },
    {
      "mode": "managed",
      "type": "kubernetes_cluster_role_binding_v1",
      "name": "headlamp",
      "provider": "provider[\"registry.terraform.io/hashicorp/kubernetes\"]",
      "instances": [
        {
          "schema_version": 0,
          "attributes": {
            "id": "headlamp",
            "metadata": [
              {
                "annotations": {},
                "generate_name": "",
                "generation": 0,
                "labels": {},
                "name": "headlamp",
                "resource_version": "319016",
                "uid": "8849aa03-5145-451b-8357-151a18e374c8"
              }
            ],
            "role_ref": [
              {
                "api_group": "rbac.authorization.k8s.io",
                "kind": "ClusterRole",
                "name": "cluster-admin"
              }
            ],
            "subject": [
              {
                "api_group": "",
                "kind": "ServiceAccount",
                "name": "headlamp",
                "namespace": "k8s-ns-by-tf"
              }
            ]
          },
          "sensitive_attributes": [],
          "identity_schema_version": 1,
          "identity": {
            "api_version": "rbac.authorization.k8s.io/v1",
            "kind": "ClusterRoleBinding",
            "name": "headlamp"
          },
          "private": "bnVsbA==",
          "dependencies": [
            "kubernetes_namespace_v1.example",
            "kubernetes_service_account_v1.headlamp"
          ]
        }
      ]
    },
    {
      "mode": "managed",
      "type": "kubernetes_deployment_v1",
      "name": "example",
      "provider": "provider[\"registry.terraform.io/hashicorp/kubernetes\"]",
      "instances": [
        {
          "schema_version": 1,
          "attributes": {
            "id": "k8s-ns-by-tf/terraform-example",
            "metadata": [
              {
                "annotations": {
                  "owner": "chefgs"
                },
                "generate_name": "",
                "generation": 3,
                "labels": {
                  "app": "MyExampleApp",
                  "environment": "dev"
                },
                "name": "terraform-example",
                "namespace": "k8s-ns-by-tf",
                "resource_version": "319373",
                "uid": "e5d74792-8c60-48e6-8880-151966000873"
              }
            ],
            "spec": [
              {
                "min_ready_seconds": 0,
                "paused": false,
                "progress_deadline_seconds": 600,
                "replicas": "1",
                "revision_history_limit": 10,
                "selector": [
                  {
                    "match_expressions": [],
                    "match_labels": {
                      "app": "MyExampleApp"
                    }
                  }
                ],
                "strategy": [
                  {
                    "rolling_update": [
                      {
                        "max_surge": "0",
                        "max_unavailable": "1"
                      }
                    ],
                    "type": "RollingUpdate"
                  }
                ],
                "template": [
                  {
                    "metadata": [
                      {
                        "annotations": {
                          "owner": "chefgs"
                        },
                        "generate_name": "",
                        "generation": 0,
                        "labels": {
                          "app": "MyExampleApp",
                          "environment": "dev"
                        },
                        "name": "",
                        "namespace": "",
                        "resource_version": "",
                        "uid": ""
                      }
                    ],
                    "spec": [
                      {
                        "active_deadline_seconds": 0,
                        "affinity": [],
                        "automount_service_account_token": true,
                        "container": [
                          {
                            "args": [
                              "-in-cluster",
                              "-port",
                              "8083"
                            ],
                            "command": [],
                            "env": [],
                            "env_from": [],
                            "image": "ghcr.io/headlamp-k8s/headlamp:v0.45.0",
                            "image_pull_policy": "IfNotPresent",
                            "lifecycle": [],
                            "liveness_probe": [
                              {
                                "exec": [],
                                "failure_threshold": 3,
                                "grpc": [],
                                "http_get": [
                                  {
                                    "host": "",
                                    "http_header": [],
                                    "path": "/",
                                    "port": "8083",
                                    "scheme": "HTTP"
                                  }
                                ],
                                "initial_delay_seconds": 10,
                                "period_seconds": 10,
                                "success_threshold": 1,
                                "tcp_socket": [],
                                "timeout_seconds": 1
                              }
                            ],
                            "name": "headlamp",
                            "port": [
                              {
                                "container_port": 8083,
                                "host_ip": "",
                                "host_port": 0,
                                "name": "",
                                "protocol": "TCP"
                              }
                            ],
                            "readiness_probe": [
                              {
                                "exec": [],
                                "failure_threshold": 3,
                                "grpc": [],
                                "http_get": [
                                  {
                                    "host": "",
                                    "http_header": [],
                                    "path": "/",
                                    "port": "8083",
                                    "scheme": "HTTP"
                                  }
                                ],
                                "initial_delay_seconds": 5,
                                "period_seconds": 5,
                                "success_threshold": 1,
                                "tcp_socket": [],
                                "timeout_seconds": 1
                              }
                            ],
                            "resources": [
                              {
                                "limits": {
                                  "cpu": "500m",
                                  "memory": "512Mi"
                                },
                                "requests": {
                                  "cpu": "250m",
                                  "memory": "50Mi"
                                }
                              }
                            ],
                            "restart_policy": "",
                            "security_context": [],
                            "startup_probe": [
                              {
                                "exec": [],
                                "failure_threshold": 30,
                                "grpc": [],
                                "http_get": [
                                  {
                                    "host": "",
                                    "http_header": [],
                                    "path": "/",
                                    "port": "8083",
                                    "scheme": "HTTP"
                                  }
                                ],
                                "initial_delay_seconds": 0,
                                "period_seconds": 10,
                                "success_threshold": 1,
                                "tcp_socket": [],
                                "timeout_seconds": 1
                              }
                            ],
                            "stdin": false,
                            "stdin_once": false,
                            "termination_message_path": "/dev/termination-log",
                            "termination_message_policy": "File",
                            "tty": false,
                            "volume_device": [],
                            "volume_mount": [],
                            "working_dir": ""
                          }
                        ],
                        "dns_config": [],
                        "dns_policy": "ClusterFirst",
                        "enable_service_links": true,
                        "host_aliases": [],
                        "host_ipc": false,
                        "host_network": false,
                        "host_pid": false,
                        "hostname": "",
                        "image_pull_secrets": [],
                        "init_container": [],
                        "node_name": "",
                        "node_selector": {},
                        "os": [],
                        "priority_class_name": "",
                        "readiness_gate": [],
                        "restart_policy": "Always",
                        "runtime_class_name": "",
                        "scheduler_name": "default-scheduler",
                        "security_context": [],
                        "service_account_name": "headlamp",
                        "share_process_namespace": false,
                        "subdomain": "",
                        "termination_grace_period_seconds": 30,
                        "toleration": [],
                        "topology_spread_constraint": [],
                        "volume": []
                      }
                    ]
                  }
                ]
              }
            ],
            "timeouts": null,
            "wait_for_rollout": true
          },
          "sensitive_attributes": [],
          "identity_schema_version": 1,
          "identity": {
            "api_version": "apps/v1",
            "kind": "Deployment",
            "name": "terraform-example",
            "namespace": "k8s-ns-by-tf"
          },
          "private": "eyJlMmJmYjczMC1lY2FhLTExZTYtOGY4OC0zNDM2M2JjN2M0YzAiOnsiY3JlYXRlIjo2MDAwMDAwMDAwMDAsImRlbGV0ZSI6NjAwMDAwMDAwMDAwLCJ1cGRhdGUiOjYwMDAwMDAwMDAwMH0sInNjaGVtYV92ZXJzaW9uIjoiMSJ9",
          "dependencies": [
            "kubernetes_namespace_v1.example",
            "kubernetes_service_account_v1.headlamp"
          ]
        }
      ]
    },
    {
      "mode": "managed",
      "type": "kubernetes_limit_range_v1",
      "name": "example",
      "provider": "provider[\"registry.terraform.io/hashicorp/kubernetes\"]",
      "instances": [
        {
          "schema_version": 0,
          "attributes": {
            "id": "k8s-ns-by-tf/lr-example",
            "metadata": [
              {
                "annotations": {},
                "generate_name": "",
                "generation": 0,
                "labels": {},
                "name": "lr-example",
                "namespace": "k8s-ns-by-tf",
                "resource_version": "317751",
                "uid": "7e02f399-4bc0-434b-81b0-426434f2e42a"
              }
            ],
            "spec": [
              {
                "limit": [
                  {
                    "default": {
                      "cpu": "500m",
                      "memory": "512Mi"
                    },
                    "default_request": {
                      "cpu": "250m",
                      "memory": "50Mi"
                    },
                    "max": {},
                    "max_limit_request_ratio": {},
                    "min": {},
                    "type": "Container"
                  }
                ]
              }
            ]
          },
          "sensitive_attributes": [],
          "identity_schema_version": 0,
          "private": "bnVsbA==",
          "dependencies": [
            "kubernetes_namespace_v1.example"
          ]
        }
      ]
    },
    {
      "mode": "managed",
      "type": "kubernetes_namespace_v1",
      "name": "artifactory",
      "provider": "provider[\"registry.terraform.io/hashicorp/kubernetes\"]",
      "instances": [
        {
          "schema_version": 0,
          "attributes": {
            "id": "artifactory-oss",
            "metadata": [
              {
                "annotations": {},
                "generate_name": "",
                "generation": 0,
                "labels": {},
                "name": "artifactory-oss",
                "resource_version": "317745",
                "uid": "00a10460-65b6-4aa4-aeb2-d7f22b56b905"
              }
            ],
            "timeouts": null,
            "wait_for_default_service_account": false
          },
          "sensitive_attributes": [],
          "identity_schema_version": 1,
          "identity": {
            "api_version": "v1",
            "kind": "Namespace",
            "name": "artifactory-oss"
          },
          "private": "eyJlMmJmYjczMC1lY2FhLTExZTYtOGY4OC0zNDM2M2JjN2M0YzAiOnsiZGVsZXRlIjozMDAwMDAwMDAwMDB9fQ=="
        }
      ]
    },
    {
      "mode": "managed",
      "type": "kubernetes_namespace_v1",
      "name": "example",
      "provider": "provider[\"registry.terraform.io/hashicorp/kubernetes\"]",
      "instances": [
        {
          "schema_version": 0,
          "attributes": {
            "id": "k8s-ns-by-tf",
            "metadata": [
              {
                "annotations": {
                  "owner": "chefgs"
                },
                "generate_name": "",
                "generation": 0,
                "labels": {
                  "environment": "dev"
                },
                "name": "k8s-ns-by-tf",
                "resource_version": "317744",
                "uid": "48e0f78a-7810-4935-ad33-119ff4ef1c2a"
              }
            ],
            "timeouts": null,
            "wait_for_default_service_account": false
          },
          "sensitive_attributes": [],
          "identity_schema_version": 1,
          "identity": {
            "api_version": "v1",
            "kind": "Namespace",
            "name": "k8s-ns-by-tf"
          },
          "private": "eyJlMmJmYjczMC1lY2FhLTExZTYtOGY4OC0zNDM2M2JjN2M0YzAiOnsiZGVsZXRlIjozMDAwMDAwMDAwMDB9fQ=="
        }
      ]
    },
    {
      "mode": "managed",
      "type": "kubernetes_resource_quota_v1",
      "name": "example",
      "provider": "provider[\"registry.terraform.io/hashicorp/kubernetes\"]",
      "instances": [
        {
          "schema_version": 0,
          "attributes": {
            "id": "k8s-ns-by-tf/rq-example",
            "metadata": [
              {
                "annotations": {},
                "generate_name": "",
                "generation": 0,
                "labels": {},
                "name": "rq-example",
                "namespace": "k8s-ns-by-tf",
                "resource_version": "319350",
                "uid": "6da3096f-dc2e-47ad-85d6-d9f75450cc3a"
              }
            ],
            "spec": [
              {
                "hard": {
                  "limits.cpu": "4",
                  "limits.memory": "4Gi",
                  "pods": "10",
                  "requests.cpu": "2",
                  "requests.memory": "2Gi"
                },
                "scope_selector": [],
                "scopes": []
              }
            ],
            "timeouts": null
          },
          "sensitive_attributes": [],
          "identity_schema_version": 0,
          "private": "eyJlMmJmYjczMC1lY2FhLTExZTYtOGY4OC0zNDM2M2JjN2M0YzAiOnsiY3JlYXRlIjo2MDAwMDAwMDAwMCwidXBkYXRlIjo2MDAwMDAwMDAwMH19",
          "dependencies": [
            "kubernetes_namespace_v1.example"
          ]
        }
      ]
    },
    {
      "mode": "managed",
      "type": "kubernetes_secret_v1",
      "name": "artifactory_mandatory_keys",
      "provider": "provider[\"registry.terraform.io/hashicorp/kubernetes\"]",
      "instances": [
        {
          "schema_version": 0,
          "attributes": {
            "binary_data": null,
            "binary_data_wo": null,
            "binary_data_wo_revision": null,
            "data": {
              "join-key": "3a5e8dac5919e68e2d53633448a39e19c45ae6ead1964b554f9b07cbfc1d108a",
              "master-key": "e0ddecd80ed99d57eac24477f137d6ea2719d7fe6ba0fc90654ee88f37621066"
            },
            "data_wo": null,
            "data_wo_revision": null,
            "id": "artifactory-oss/artifactory-mandatory-keys",
            "immutable": false,
            "metadata": [
              {
                "annotations": {},
                "generate_name": "",
                "generation": 0,
                "labels": {},
                "name": "artifactory-mandatory-keys",
                "namespace": "artifactory-oss",
                "resource_version": "317752",
                "uid": "60572eaf-00ab-43cc-8aea-6ec608dad825"
              }
            ],
            "timeouts": null,
            "type": "Opaque",
            "wait_for_service_account_token": true
          },
          "sensitive_attributes": [
            [
              {
                "type": "get_attr",
                "value": "binary_data"
              }
            ],
            [
              {
                "type": "get_attr",
                "value": "data"
              }
            ]
          ],
          "identity_schema_version": 1,
          "identity": {
            "api_version": "v1",
            "kind": "Secret",
            "name": "artifactory-mandatory-keys",
            "namespace": "artifactory-oss"
          },
          "private": "eyJlMmJmYjczMC1lY2FhLTExZTYtOGY4OC0zNDM2M2JjN2M0YzAiOnsiY3JlYXRlIjo2MDAwMDAwMDAwMH19",
          "dependencies": [
            "kubernetes_namespace_v1.artifactory",
            "random_id.artifactory_join_key",
            "random_id.artifactory_master_key"
          ]
        }
      ]
    },
    {
      "mode": "managed",
      "type": "kubernetes_secret_v1",
      "name": "headlamp_token",
      "provider": "provider[\"registry.terraform.io/hashicorp/kubernetes\"]",
      "instances": [
        {
          "schema_version": 0,
          "attributes": {
            "binary_data": null,
            "binary_data_wo": null,
            "binary_data_wo_revision": null,
            "data": {
              "ca.crt": "-----BEGIN CERTIFICATE-----\nMIIDBjCCAe6gAwIBAgIBATANBgkqhkiG9w0BAQsFADAVMRMwEQYDVQQDEwptaW5p\na3ViZUNBMB4XDTI2MDEwNzIwMDUxN1oXDTM2MDEwNjIwMDUxN1owFTETMBEGA1UE\nAxMKbWluaWt1YmVDQTCCASIwDQYJKoZIhvcNAQEBBQADggEPADCCAQoCggEBAMRf\nYXudxkqpO9ymbiXKlv5gHy3o6fkTcZJinHvELRQbfB/31jAefsGD8aNr2N4YUh2s\n8pKB0UkQqRHIa7UwQmI2QzFi8EbhSgAeB+7kjc/LR1P8hxBpxnOMWrEt+MzmjV7W\nLI3SElOD5k/Mm28Itjp2NwqrEBJUZ6D6yjFKVPNLt8ucOyNQMPTs/otSTefvHX5b\nSQliflRhk++pzF2g3FWFsvepjnuPGtkfRuCCjHA5jSapa7dZ+KL7vVQUcPurit1A\nSKn95Z+DR+SVun7HOQ2fHdjzwfJ2n4O/oIfZWQSX7NagSi3DxuU1r5CApL6+Fs6K\nlMsOFW+XgmVk+VK5gtcCAwEAAaNhMF8wDgYDVR0PAQH/BAQDAgKkMB0GA1UdJQQW\nMBQGCCsGAQUFBwMCBggrBgEFBQcDATAPBgNVHRMBAf8EBTADAQH/MB0GA1UdDgQW\nBBRoMaf9ObfCpU7BCg3G/g2DaHTs6zANBgkqhkiG9w0BAQsFAAOCAQEAmq6Apz7R\nxlAeVCWTHBQsunTU7Erhll+twdLQ1fapgbBCr9mfIV0AjWfNaWUDmuSL0zf1dyL5\nbGfjoc257UVLavIDpTP5yXyGOnIV4WO93UP2mW/BwxrWAucLgTWxWadY+ogP1t25\nRepF2Kc4eAVEHPUe61hjTpnZ2oTcYWCsSdv5vqt68WMxip69zOhVYArglZaHIa4O\nvNQr0+bKi8TtNnJeDPdI5L9YjQymvWKKIN4HMluMToPfhblCIV7tYjahEU9Qd+X4\n8Nokl2kkQFGdFvXbHXFUUH4tGILmUa4l0pXtN6to8ko3E+2KaMAzv1vvi+2ZwnNH\nrJgpiW1sjZiXHw==\n-----END CERTIFICATE-----\n",
              "namespace": "k8s-ns-by-tf",
              "token": "eyJhbGciOiJSUzI1NiIsImtpZCI6ImZRZEtmNUt4Wnhtd2VqdUhCdlhOUjM3VUxBR3dmNk9KelZGcXdYVnlzMFUifQ.eyJpc3MiOiJrdWJlcm5ldGVzL3NlcnZpY2VhY2NvdW50Iiwia3ViZXJuZXRlcy5pby9zZXJ2aWNlYWNjb3VudC9uYW1lc3BhY2UiOiJrOHMtbnMtYnktdGYiLCJrdWJlcm5ldGVzLmlvL3NlcnZpY2VhY2NvdW50L3NlY3JldC5uYW1lIjoiaGVhZGxhbXAtdG9rZW4iLCJrdWJlcm5ldGVzLmlvL3NlcnZpY2VhY2NvdW50L3NlcnZpY2UtYWNjb3VudC5uYW1lIjoiaGVhZGxhbXAiLCJrdWJlcm5ldGVzLmlvL3NlcnZpY2VhY2NvdW50L3NlcnZpY2UtYWNjb3VudC51aWQiOiJkZDEzNGQ1Ny03MmJhLTRlZWMtYjM5Mi00MjNmYzBiZTYxN2IiLCJzdWIiOiJzeXN0ZW06c2VydmljZWFjY291bnQ6azhzLW5zLWJ5LXRmOmhlYWRsYW1wIn0.Q7M9206DSC9SdD7YDvD231dVHu8TJoeqVDwA8HxBzMHgFUKjbJ2NJucZDwn0tnCgOtkLvoWNPmC1IeZrsNoZrJb6sE8L1IpDao2S4uzsBYRA5IVxUQ2m8yMxKh2PfVx-609RJYP4BwLu75HRv49znEOKxNyrhCAlHJr0PiywQFaZ7HSbaKhkD8S6Tw6jMsSVfq5CwWXPm2C5IY5cCL_D9ov9Of_n750SYrCWI3UzZKWh2cyam8tk0KnfAJDhLPwjMngXTFKEDHuMItKEG6KH5SYin16uckzEYXoMmKIO9S8eNk-1DSraClRfj7IPqdaE3RZ0d0R0lU-gs4le1CfxHg"
            },
            "data_wo": null,
            "data_wo_revision": null,
            "id": "k8s-ns-by-tf/headlamp-token",
            "immutable": false,
            "metadata": [
              {
                "annotations": {
                  "kubernetes.io/service-account.name": "headlamp"
                },
                "generate_name": "",
                "generation": 0,
                "labels": null,
                "name": "headlamp-token",
                "namespace": "k8s-ns-by-tf",
                "resource_version": "319505",
                "uid": "19997fcf-c8fb-4da1-96c7-2bfb7af10994"
              }
            ],
            "timeouts": null,
            "type": "kubernetes.io/service-account-token",
            "wait_for_service_account_token": true
          },
          "sensitive_attributes": [
            [
              {
                "type": "get_attr",
                "value": "binary_data"
              }
            ],
            [
              {
                "type": "get_attr",
                "value": "data"
              }
            ]
          ],
          "identity_schema_version": 1,
          "identity": {
            "api_version": "v1",
            "kind": "Secret",
            "name": "headlamp-token",
            "namespace": "k8s-ns-by-tf"
          },
          "private": "eyJlMmJmYjczMC1lY2FhLTExZTYtOGY4OC0zNDM2M2JjN2M0YzAiOnsiY3JlYXRlIjo2MDAwMDAwMDAwMH19",
          "dependencies": [
            "kubernetes_namespace_v1.example",
            "kubernetes_service_account_v1.headlamp"
          ]
        }
      ]
    },
    {
      "mode": "managed",
      "type": "kubernetes_service_account_v1",
      "name": "headlamp",
      "provider": "provider[\"registry.terraform.io/hashicorp/kubernetes\"]",
      "instances": [
        {
          "schema_version": 0,
          "attributes": {
            "automount_service_account_token": true,
            "default_secret_name": "",
            "id": "k8s-ns-by-tf/headlamp",
            "image_pull_secret": [],
            "metadata": [
              {
                "annotations": {},
                "generate_name": "",
                "generation": 0,
                "labels": {},
                "name": "headlamp",
                "namespace": "k8s-ns-by-tf",
                "resource_version": "319015",
                "uid": "dd134d57-72ba-4eec-b392-423fc0be617b"
              }
            ],
            "secret": [],
            "timeouts": null
          },
          "sensitive_attributes": [],
          "identity_schema_version": 1,
          "identity": {
            "api_version": "v1",
            "kind": "ServiceAccount",
            "name": "headlamp",
            "namespace": "k8s-ns-by-tf"
          },
          "private": "eyJlMmJmYjczMC1lY2FhLTExZTYtOGY4OC0zNDM2M2JjN2M0YzAiOnsiY3JlYXRlIjozMDAwMDAwMDAwMH19",
          "dependencies": [
            "kubernetes_namespace_v1.example"
          ]
        }
      ]
    },
    {
      "mode": "managed",
      "type": "kubernetes_service_v1",
      "name": "artifactory_nodeport",
      "provider": "provider[\"registry.terraform.io/hashicorp/kubernetes\"]",
      "instances": [
        {
          "schema_version": 1,
          "attributes": {
            "id": "artifactory-oss/artifactory-oss-nodeport",
            "metadata": [
              {
                "annotations": {},
                "generate_name": "",
                "generation": 0,
                "labels": {},
                "name": "artifactory-oss-nodeport",
                "namespace": "artifactory-oss",
                "resource_version": "318489",
                "uid": "0ffb8ebe-5a66-4cca-a670-36de97286c62"
              }
            ],
            "spec": [
              {
                "allocate_load_balancer_node_ports": true,
                "cluster_ip": "10.102.234.140",
                "cluster_ips": [
                  "10.102.234.140"
                ],
                "external_ips": [],
                "external_name": "",
                "external_traffic_policy": "Cluster",
                "health_check_node_port": 0,
                "internal_traffic_policy": "Cluster",
                "ip_families": [
                  "IPv4"
                ],
                "ip_family_policy": "SingleStack",
                "load_balancer_class": "",
                "load_balancer_ip": "",
                "load_balancer_source_ranges": [],
                "port": [
                  {
                    "app_protocol": "",
                    "name": "router",
                    "node_port": 30080,
                    "port": 8082,
                    "protocol": "TCP",
                    "target_port": "8082"
                  },
                  {
                    "app_protocol": "",
                    "name": "artifactory",
                    "node_port": 30082,
                    "port": 8081,
                    "protocol": "TCP",
                    "target_port": "8081"
                  }
                ],
                "publish_not_ready_addresses": false,
                "selector": {
                  "app": "artifactory",
                  "component": "artifactory",
                  "release": "artifactory-oss"
                },
                "session_affinity": "None",
                "session_affinity_config": [],
                "type": "NodePort"
              }
            ],
            "status": [
              {
                "load_balancer": [
                  {
                    "ingress": []
                  }
                ]
              }
            ],
            "timeouts": null,
            "wait_for_load_balancer": true
          },
          "sensitive_attributes": [],
          "identity_schema_version": 1,
          "identity": {
            "api_version": "v1",
            "kind": "Service",
            "name": "artifactory-oss-nodeport",
            "namespace": "artifactory-oss"
          },
          "private": "eyJlMmJmYjczMC1lY2FhLTExZTYtOGY4OC0zNDM2M2JjN2M0YzAiOnsiY3JlYXRlIjo2MDAwMDAwMDAwMDB9LCJzY2hlbWFfdmVyc2lvbiI6IjEifQ==",
          "dependencies": [
            "helm_release.artifactory",
            "kubernetes_namespace_v1.artifactory",
            "kubernetes_secret_v1.artifactory_mandatory_keys",
            "random_id.artifactory_join_key",
            "random_id.artifactory_master_key"
          ]
        }
      ]
    },
    {
      "mode": "managed",
      "type": "kubernetes_service_v1",
      "name": "example",
      "provider": "provider[\"registry.terraform.io/hashicorp/kubernetes\"]",
      "instances": [
        {
          "schema_version": 1,
          "attributes": {
            "id": "k8s-ns-by-tf/terraform-example-svc",
            "metadata": [
              {
                "annotations": {},
                "generate_name": "",
                "generation": 0,
                "labels": {
                  "app": "MyExampleApp"
                },
                "name": "terraform-example-svc",
                "namespace": "k8s-ns-by-tf",
                "resource_version": "317756",
                "uid": "06003b2c-0e8d-4e34-867b-39ee6b742007"
              }
            ],
            "spec": [
              {
                "allocate_load_balancer_node_ports": true,
                "cluster_ip": "10.99.85.51",
                "cluster_ips": [
                  "10.99.85.51"
                ],
                "external_ips": [],
                "external_name": "",
                "external_traffic_policy": "Cluster",
                "health_check_node_port": 0,
                "internal_traffic_policy": "Cluster",
                "ip_families": [
                  "IPv4"
                ],
                "ip_family_policy": "SingleStack",
                "load_balancer_class": "",
                "load_balancer_ip": "",
                "load_balancer_source_ranges": [],
                "port": [
                  {
                    "app_protocol": "",
                    "name": "headlamp",
                    "node_port": 30081,
                    "port": 8081,
                    "protocol": "TCP",
                    "target_port": "8083"
                  }
                ],
                "publish_not_ready_addresses": false,
                "selector": {
                  "app": "MyExampleApp"
                },
                "session_affinity": "None",
                "session_affinity_config": [],
                "type": "NodePort"
              }
            ],
            "status": [
              {
                "load_balancer": [
                  {
                    "ingress": []
                  }
                ]
              }
            ],
            "timeouts": null,
            "wait_for_load_balancer": true
          },
          "sensitive_attributes": [],
          "identity_schema_version": 1,
          "identity": {
            "api_version": "v1",
            "kind": "Service",
            "name": "terraform-example-svc",
            "namespace": "k8s-ns-by-tf"
          },
          "private": "eyJlMmJmYjczMC1lY2FhLTExZTYtOGY4OC0zNDM2M2JjN2M0YzAiOnsiY3JlYXRlIjo2MDAwMDAwMDAwMDB9LCJzY2hlbWFfdmVyc2lvbiI6IjEifQ==",
          "dependencies": [
            "kubernetes_namespace_v1.example"
          ]
        }
      ]
    },
    {
      "mode": "managed",
      "type": "random_id",
      "name": "artifactory_join_key",
      "provider": "provider[\"registry.terraform.io/hashicorp/random\"]",
      "instances": [
        {
          "schema_version": 0,
          "attributes": {
            "b64_std": "Ol6NrFkZ5o4tU2M0SKOeGcRa5urRlktVT5sHy/wdEIo=",
            "b64_url": "Ol6NrFkZ5o4tU2M0SKOeGcRa5urRlktVT5sHy_wdEIo",
            "byte_length": 32,
            "dec": "26401206634647791722232561112706040190217692830434871470501938280458501296266",
            "hex": "3a5e8dac5919e68e2d53633448a39e19c45ae6ead1964b554f9b07cbfc1d108a",
            "id": "Ol6NrFkZ5o4tU2M0SKOeGcRa5urRlktVT5sHy_wdEIo",
            "keepers": null,
            "prefix": null
          },
          "sensitive_attributes": [],
          "identity_schema_version": 0
        }
      ]
    },
    {
      "mode": "managed",
      "type": "random_id",
      "name": "artifactory_master_key",
      "provider": "provider[\"registry.terraform.io/hashicorp/random\"]",
      "instances": [
        {
          "schema_version": 0,
          "attributes": {
            "b64_std": "4N3s2A7ZnVfqwkR38TfW6icZ1/5roPyQZU7ojzdiEGY=",
            "b64_url": "4N3s2A7ZnVfqwkR38TfW6icZ1_5roPyQZU7ojzdiEGY",
            "byte_length": 32,
            "dec": "101710185921017910156786096992948302870641809619217827485313326486432715509862",
            "hex": "e0ddecd80ed99d57eac24477f137d6ea2719d7fe6ba0fc90654ee88f37621066",
            "id": "4N3s2A7ZnVfqwkR38TfW6icZ1_5roPyQZU7ojzdiEGY",
            "keepers": null,
            "prefix": null
          },
          "sensitive_attributes": [],
          "identity_schema_version": 0
        }
      ]
    },
    {
      "mode": "managed",
      "type": "random_string",
      "name": "foo",
      "provider": "provider[\"registry.terraform.io/hashicorp/random\"]",
      "instances": [
        {
          "schema_version": 2,
          "attributes": {
            "id": "mas62rtw",
            "keepers": null,
            "length": 8,
            "lower": true,
            "min_lower": 0,
            "min_numeric": 0,
            "min_special": 0,
            "min_upper": 0,
            "number": true,
            "numeric": true,
            "override_special": null,
            "result": "mas62rtw",
            "special": false,
            "upper": false
          },
          "sensitive_attributes": [],
          "identity_schema_version": 0
        }
      ]
    }
  ],
  "check_results": null
}
